{
  "pins" : [
    {
      "identity" : "iphonenumberfield",
      "kind" : "remoteSourceControl",
      "location" : "https://github.com/MojtabaHs/iPhoneNumberField.git",
      "state" : {
        "branch" : "master",
        "revision" : "86d9267ee7e443d32d5309d47263b691fe1450d0"
      }
    },
    {
      "identity" : "phonenumberkit",
      "kind" : "remoteSourceControl",
      "location" : "https://github.com/marmelroy/PhoneNumberKit",
      "state" : {
        "revision" : "e58be4e8efcd468bd6236791080ec75a330a8f2a",
        "version" : "3.4.4"
      }
    }
  ],
  "version" : 2
}
