// !$*UTF8*$!
{
	archiveVersion = 1;
	classes = {
	};
	objectVersion = 55;
	objects = {

/* Begin PBXBuildFile section */
		287727EB28A38E5F00BC60D1 /* Introspect in Frameworks */ = {isa = PBXBuildFile; productRef = 287727EA28A38E5F00BC60D1 /* Introspect */; };
		289CC86628999135009C1DCE /* FirebaseMessaging in Frameworks */ = {isa = PBXBuildFile; productRef = 289CC86528999135009C1DCE /* FirebaseMessaging */; };
		289CC86A289993C9009C1DCE /* AppDelegate.swift in Sources */ = {isa = PBXBuildFile; fileRef = 289CC869289993C9009C1DCE /* AppDelegate.swift */; };
		289CC86E289C6826009C1DCE /* SettingsView.swift in Sources */ = {isa = PBXBuildFile; fileRef = 289CC86D289C6826009C1DCE /* SettingsView.swift */; };
		289CC870289C6846009C1DCE /* SettingsViewModel.swift in Sources */ = {isa = PBXBuildFile; fileRef = 289CC86F289C6846009C1DCE /* SettingsViewModel.swift */; };
		289CC872289C68D8009C1DCE /* LoadingView.swift in Sources */ = {isa = PBXBuildFile; fileRef = 289CC871289C68D8009C1DCE /* LoadingView.swift */; };
		289CC874289C695F009C1DCE /* Colors.swift in Sources */ = {isa = PBXBuildFile; fileRef = 289CC873289C695F009C1DCE /* Colors.swift */; };
		289CC876289C69D9009C1DCE /* ProminentHeaderModifier.swift in Sources */ = {isa = PBXBuildFile; fileRef = 289CC875289C69D9009C1DCE /* ProminentHeaderModifier.swift */; };
		28BB3C7328A217F00038AB4F /* GoogleService-Info.plist in Resources */ = {isa = PBXBuildFile; fileRef = 28BB3C7228A217F00038AB4F /* GoogleService-Info.plist */; };
		28E7C3222895E23B002C186A /* GoogleSignIn in Frameworks */ = {isa = PBXBuildFile; productRef = 28E7C3212895E23B002C186A /* GoogleSignIn */; };
		28E7C3242895E23B002C186A /* GoogleSignInSwift in Frameworks */ = {isa = PBXBuildFile; productRef = 28E7C3232895E23B002C186A /* GoogleSignInSwift */; };
		28E7C32A2895E302002C186A /* Alamofire in Frameworks */ = {isa = PBXBuildFile; productRef = 28E7C3292895E302002C186A /* Alamofire */; };
		6A09D64728A59E9A005E5C23 /* ImagePicker.swift in Sources */ = {isa = PBXBuildFile; fileRef = 6A09D64628A59E9A005E5C23 /* ImagePicker.swift */; };
		6A218469287A0C8200681C86 /* iPhoneNumberField in Frameworks */ = {isa = PBXBuildFile; productRef = 6A218468287A0C8200681C86 /* iPhoneNumberField */; };
		6A449C652896F4320015826A /* NetworkManager.swift in Sources */ = {isa = PBXBuildFile; fileRef = 6A449BBE2896F4320015826A /* NetworkManager.swift */; };
		6A449C662896F4320015826A /* AuthManager.swift in Sources */ = {isa = PBXBuildFile; fileRef = 6A449BBF2896F4320015826A /* AuthManager.swift */; };
		6A449C782896F4320015826A /* MessagesView.swift in Sources */ = {isa = PBXBuildFile; fileRef = 6A449BE02896F4320015826A /* MessagesView.swift */; };
		6A449C792896F4320015826A /* PostViewModel.swift in Sources */ = {isa = PBXBuildFile; fileRef = 6A449BE32896F4320015826A /* PostViewModel.swift */; };
		6A449C7A2896F4320015826A /* PostView.swift in Sources */ = {isa = PBXBuildFile; fileRef = 6A449BE52896F4320015826A /* PostView.swift */; };
		6A449C7B2896F4320015826A /* VerificationViewModel.swift in Sources */ = {isa = PBXBuildFile; fileRef = 6A449BE82896F4320015826A /* VerificationViewModel.swift */; };
		6A449C7C2896F4320015826A /* PhoneLoginViewModel.swift in Sources */ = {isa = PBXBuildFile; fileRef = 6A449BE92896F4320015826A /* PhoneLoginViewModel.swift */; };
		6A449C7D2896F4320015826A /* OnboardView.swift in Sources */ = {isa = PBXBuildFile; fileRef = 6A449BEB2896F4320015826A /* OnboardView.swift */; };
		6A449C7E2896F4320015826A /* VerificationView.swift in Sources */ = {isa = PBXBuildFile; fileRef = 6A449BEC2896F4320015826A /* VerificationView.swift */; };
		6A449C7F2896F4320015826A /* WelcomeView.swift in Sources */ = {isa = PBXBuildFile; fileRef = 6A449BED2896F4320015826A /* WelcomeView.swift */; };
		6A449C802896F4320015826A /* PhoneLoginView.swift in Sources */ = {isa = PBXBuildFile; fileRef = 6A449BEE2896F4320015826A /* PhoneLoginView.swift */; };
		6A449C812896F4320015826A /* EmailVerificationView.swift in Sources */ = {isa = PBXBuildFile; fileRef = 6A449BEF2896F4320015826A /* EmailVerificationView.swift */; };
		6A449C862896F4320015826A /* ChooseLocationFilterViewModel.swift in Sources */ = {isa = PBXBuildFile; fileRef = 6A449BF92896F4320015826A /* ChooseLocationFilterViewModel.swift */; };
		6A449C872896F4320015826A /* ChooseLocationViewModel.swift in Sources */ = {isa = PBXBuildFile; fileRef = 6A449BFA2896F4320015826A /* ChooseLocationViewModel.swift */; };
		6A449C882896F4320015826A /* ChooseLocationView.swift in Sources */ = {isa = PBXBuildFile; fileRef = 6A449BFC2896F4320015826A /* ChooseLocationView.swift */; };
		6A449C892896F4320015826A /* LeaderboardViewModel.swift in Sources */ = {isa = PBXBuildFile; fileRef = 6A449BFF2896F4320015826A /* LeaderboardViewModel.swift */; };
		6A449C8A2896F4320015826A /* LeaderboardView.swift in Sources */ = {isa = PBXBuildFile; fileRef = 6A449C012896F4320015826A /* LeaderboardView.swift */; };
		6A449C8B2896F4320015826A /* ProfileFilterViewModel.swift in Sources */ = {isa = PBXBuildFile; fileRef = 6A449C042896F4320015826A /* ProfileFilterViewModel.swift */; };
		6A449C8C2896F4320015826A /* ProfileViewModel.swift in Sources */ = {isa = PBXBuildFile; fileRef = 6A449C052896F4320015826A /* ProfileViewModel.swift */; };
		6A449C8D2896F4320015826A /* ProfileView.swift in Sources */ = {isa = PBXBuildFile; fileRef = 6A449C072896F4320015826A /* ProfileView.swift */; };
		6A449C8F2896F4320015826A /* FeedViewModel.swift in Sources */ = {isa = PBXBuildFile; fileRef = 6A449C0B2896F4320015826A /* FeedViewModel.swift */; };
		6A449C902896F4320015826A /* FeedView.swift in Sources */ = {isa = PBXBuildFile; fileRef = 6A449C0D2896F4320015826A /* FeedView.swift */; };
		6A449C912896F4320015826A /* MainTabView.swift in Sources */ = {isa = PBXBuildFile; fileRef = 6A449C0F2896F4320015826A /* MainTabView.swift */; };
		6A449C922896F4320015826A /* NewPostViewModel.swift in Sources */ = {isa = PBXBuildFile; fileRef = 6A449C122896F4320015826A /* NewPostViewModel.swift */; };
		6A449C932896F4330015826A /* NewPostView.swift in Sources */ = {isa = PBXBuildFile; fileRef = 6A449C142896F4320015826A /* NewPostView.swift */; };
		6A449C952896F4330015826A /* Assets.xcassets in Resources */ = {isa = PBXBuildFile; fileRef = 6A449C182896F4320015826A /* Assets.xcassets */; };
		6A449C962896F4330015826A /* PongApp.swift in Sources */ = {isa = PBXBuildFile; fileRef = 6A449C192896F4320015826A /* PongApp.swift */; };
		6A449C982896F4330015826A /* TotalScore.swift in Sources */ = {isa = PBXBuildFile; fileRef = 6A449C1C2896F4320015826A /* TotalScore.swift */; };
		6A449C992896F4330015826A /* Votes.swift in Sources */ = {isa = PBXBuildFile; fileRef = 6A449C1D2896F4320015826A /* Votes.swift */; };
		6A449C9A2896F4330015826A /* Comment.swift in Sources */ = {isa = PBXBuildFile; fileRef = 6A449C1E2896F4320015826A /* Comment.swift */; };
		6A449C9C2896F4330015826A /* DeleteCommentRequestBody.swift in Sources */ = {isa = PBXBuildFile; fileRef = 6A449C202896F4320015826A /* DeleteCommentRequestBody.swift */; };
		6A449C9D2896F4330015826A /* PostReport.swift in Sources */ = {isa = PBXBuildFile; fileRef = 6A449C212896F4320015826A /* PostReport.swift */; };
		6A449C9E2896F4330015826A /* Message.swift in Sources */ = {isa = PBXBuildFile; fileRef = 6A449C222896F4320015826A /* Message.swift */; };
		6A449C9F2896F4330015826A /* OTPStartResponseBody.swift in Sources */ = {isa = PBXBuildFile; fileRef = 6A449C232896F4320015826A /* OTPStartResponseBody.swift */; };
		6A449CA02896F4330015826A /* User.swift in Sources */ = {isa = PBXBuildFile; fileRef = 6A449C242896F4320015826A /* User.swift */; };
		6A449CA32896F4330015826A /* CommentVoteRequestBody.swift in Sources */ = {isa = PBXBuildFile; fileRef = 6A449C272896F4320015826A /* CommentVoteRequestBody.swift */; };
		6A449CA42896F4330015826A /* ReadPostRequestBody.swift in Sources */ = {isa = PBXBuildFile; fileRef = 6A449C282896F4320015826A /* ReadPostRequestBody.swift */; };
		6A449CA52896F4330015826A /* CreatePostReportRequestBody.swift in Sources */ = {isa = PBXBuildFile; fileRef = 6A449C292896F4320015826A /* CreatePostReportRequestBody.swift */; };
		6A449CA62896F4330015826A /* OTPVerifyRequestBody.swift in Sources */ = {isa = PBXBuildFile; fileRef = 6A449C2A2896F4320015826A /* OTPVerifyRequestBody.swift */; };
		6A449CA72896F4330015826A /* Post.swift in Sources */ = {isa = PBXBuildFile; fileRef = 6A449C2B2896F4320015826A /* Post.swift */; };
		6A449CAA2896F4330015826A /* LoggedInInfoResponseBody.swift in Sources */ = {isa = PBXBuildFile; fileRef = 6A449C2E2896F4320015826A /* LoggedInInfoResponseBody.swift */; };
		6A449CAB2896F4330015826A /* OTPVerifyResponseBody.swift in Sources */ = {isa = PBXBuildFile; fileRef = 6A449C2F2896F4320015826A /* OTPVerifyResponseBody.swift */; };
		6A449CAC2896F4330015826A /* OTPStartRequestBody.swift in Sources */ = {isa = PBXBuildFile; fileRef = 6A449C302896F4320015826A /* OTPStartRequestBody.swift */; };
		6A449CAD2896F4330015826A /* Preview Assets.xcassets in Resources */ = {isa = PBXBuildFile; fileRef = 6A449C322896F4320015826A /* Preview Assets.xcassets */; };
		6A449CAE2896F4330015826A /* Extensions.swift in Sources */ = {isa = PBXBuildFile; fileRef = 6A449C332896F4320015826A /* Extensions.swift */; };
		6A449CAF2896F4330015826A /* TextArea.swift in Sources */ = {isa = PBXBuildFile; fileRef = 6A449C352896F4320015826A /* TextArea.swift */; };
		6A449CB02896F4330015826A /* NewPollViewModel.swift in Sources */ = {isa = PBXBuildFile; fileRef = 6A449C382896F4320015826A /* NewPollViewModel.swift */; };
		6A449CB12896F4330015826A /* NewPoll.swift in Sources */ = {isa = PBXBuildFile; fileRef = 6A449C3A2896F4320015826A /* NewPoll.swift */; };
		6A449CB72896F4330015826A /* MessageField.swift in Sources */ = {isa = PBXBuildFile; fileRef = 6A449C432896F4320015826A /* MessageField.swift */; };
		6A449CBB2896F4330015826A /* ProfileCommentBubbleViewModel.swift in Sources */ = {isa = PBXBuildFile; fileRef = 6A449C492896F4320015826A /* ProfileCommentBubbleViewModel.swift */; };
		6A449CBC2896F4330015826A /* ProfileCommentBubble.swift in Sources */ = {isa = PBXBuildFile; fileRef = 6A449C4B2896F4320015826A /* ProfileCommentBubble.swift */; };
		6A449CBE2896F4330015826A /* PostBubbleViewModel.swift in Sources */ = {isa = PBXBuildFile; fileRef = 6A449C4F2896F4320015826A /* PostBubbleViewModel.swift */; };
		6A449CBF2896F4330015826A /* PostBubble.swift in Sources */ = {isa = PBXBuildFile; fileRef = 6A449C512896F4320015826A /* PostBubble.swift */; };
		6A449CC02896F4330015826A /* ActionSheets.swift in Sources */ = {isa = PBXBuildFile; fileRef = 6A449C522896F4320015826A /* ActionSheets.swift */; };
		6A449CC12896F4330015826A /* ReportViewModel.swift in Sources */ = {isa = PBXBuildFile; fileRef = 6A449C552896F4320015826A /* ReportViewModel.swift */; };
		6A449CC22896F4330015826A /* ReportView.swift in Sources */ = {isa = PBXBuildFile; fileRef = 6A449C572896F4320015826A /* ReportView.swift */; };
		6A449CC32896F4330015826A /* CommentBubble.swift in Sources */ = {isa = PBXBuildFile; fileRef = 6A449C582896F4320015826A /* CommentBubble.swift */; };
		6A449CC42896F4330015826A /* CustomInputField.swift in Sources */ = {isa = PBXBuildFile; fileRef = 6A449C592896F4320015826A /* CustomInputField.swift */; };
		6A449CC52896F4330015826A /* PollViewModel.swift in Sources */ = {isa = PBXBuildFile; fileRef = 6A449C5C2896F4320015826A /* PollViewModel.swift */; };
		6A449CC62896F4330015826A /* PollView.swift in Sources */ = {isa = PBXBuildFile; fileRef = 6A449C5E2896F4320015826A /* PollView.swift */; };
		6A449CC72896F4330015826A /* ShareSheet.swift in Sources */ = {isa = PBXBuildFile; fileRef = 6A449C5F2896F4320015826A /* ShareSheet.swift */; };
		6A449CC82896F4330015826A /* DefaultModels.swift in Sources */ = {isa = PBXBuildFile; fileRef = 6A449C602896F4320015826A /* DefaultModels.swift */; };
		6A449CCA2896F4330015826A /* ContentView.swift in Sources */ = {isa = PBXBuildFile; fileRef = 6A449C622896F4320015826A /* ContentView.swift */; };
		6A449CCF2897A5BD0015826A /* CommentBubbleViewModel.swift in Sources */ = {isa = PBXBuildFile; fileRef = 6A449CCE2897A5BD0015826A /* CommentBubbleViewModel.swift */; };
		6A449CD42898B1D00015826A /* ErrorResponseBody.swift in Sources */ = {isa = PBXBuildFile; fileRef = 6A449CD32898B1D00015826A /* ErrorResponseBody.swift */; };
		6A449CD62898E3BC0015826A /* FloatWarning.swift in Sources */ = {isa = PBXBuildFile; fileRef = 6A449CD52898E3BC0015826A /* FloatWarning.swift */; };
		6A5479C72895BB9800BC18CD /* MSAL in Frameworks */ = {isa = PBXBuildFile; productRef = 6A5479C62895BB9800BC18CD /* MSAL */; };
		6A68DC32288A225700BF2775 /* PopupView in Frameworks */ = {isa = PBXBuildFile; productRef = 6A68DC31288A225700BF2775 /* PopupView */; };
		6A78FA4F289CD31A00B75CC6 /* NotificationsView.swift in Sources */ = {isa = PBXBuildFile; fileRef = 6A78FA4E289CD31A00B75CC6 /* NotificationsView.swift */; };
		6A78FA53289CDACF00B75CC6 /* MainTabViewModel.swift in Sources */ = {isa = PBXBuildFile; fileRef = 6A78FA52289CDACF00B75CC6 /* MainTabViewModel.swift */; };
		6A78FA55289CE38200B75CC6 /* NotificationsViewModel.swift in Sources */ = {isa = PBXBuildFile; fileRef = 6A78FA54289CE38200B75CC6 /* NotificationsViewModel.swift */; };
		6A78FA5728A19A0D00B75CC6 /* VerifyEmailModel.swift in Sources */ = {isa = PBXBuildFile; fileRef = 6A78FA5628A19A0D00B75CC6 /* VerifyEmailModel.swift */; };
		6A78FA5928A1A65E00B75CC6 /* PostVoteModel.swift in Sources */ = {isa = PBXBuildFile; fileRef = 6A78FA5828A1A65E00B75CC6 /* PostVoteModel.swift */; };
		6A78FA5C28A1A82C00B75CC6 /* DAKeychain.swift in Sources */ = {isa = PBXBuildFile; fileRef = 6A78FA5B28A1A82C00B75CC6 /* DAKeychain.swift */; };
		6A78FA5E28A1F44F00B75CC6 /* CommentVoteModel.swift in Sources */ = {isa = PBXBuildFile; fileRef = 6A78FA5D28A1F44F00B75CC6 /* CommentVoteModel.swift */; };
		6A78FA6028A214FF00B75CC6 /* CommentReplyModel.swift in Sources */ = {isa = PBXBuildFile; fileRef = 6A78FA5F28A214FF00B75CC6 /* CommentReplyModel.swift */; };
		6A7E109928AED83500CE3CFD /* PollVoteModel.swift in Sources */ = {isa = PBXBuildFile; fileRef = 6A7E109828AED83500CE3CFD /* PollVoteModel.swift */; };
		6A832ED628A6C29300F4EBEF /* CommentCreateModel.swift in Sources */ = {isa = PBXBuildFile; fileRef = 6A832ED528A6C29300F4EBEF /* CommentCreateModel.swift */; };
		6AEE15D428AC4AC600EEF1E6 /* Poll.swift in Sources */ = {isa = PBXBuildFile; fileRef = 6AEE15D328AC4AC600EEF1E6 /* Poll.swift */; };
		82AEE06828AEDF2A00738EB5 /* LeaderboardAwardCoin.swift in Sources */ = {isa = PBXBuildFile; fileRef = 82AEE06728AEDF2A00738EB5 /* LeaderboardAwardCoin.swift */; };
		82AEE06B28AEE03400738EB5 /* LeaderboardTopThree.swift in Sources */ = {isa = PBXBuildFile; fileRef = 82AEE06A28AEE03400738EB5 /* LeaderboardTopThree.swift */; };
		82CCCBB228B0F95600085E2D /* AdminFeedViewModel.swift in Sources */ = {isa = PBXBuildFile; fileRef = 82CCCBAF28B0F95500085E2D /* AdminFeedViewModel.swift */; };
		82CCCBB328B0F95600085E2D /* AdminFeedView.swift in Sources */ = {isa = PBXBuildFile; fileRef = 82CCCBB128B0F95500085E2D /* AdminFeedView.swift */; };
		82CCCBB928B0F99E00085E2D /* AdminPostBubbleViewModel.swift in Sources */ = {isa = PBXBuildFile; fileRef = 82CCCBB628B0F99E00085E2D /* AdminPostBubbleViewModel.swift */; };
		82CCCBBA28B0F99E00085E2D /* AdminPostBubble.swift in Sources */ = {isa = PBXBuildFile; fileRef = 82CCCBB828B0F99E00085E2D /* AdminPostBubble.swift */; };
		82CCCBBC28B0F9C700085E2D /* TimeoutModel.swift in Sources */ = {isa = PBXBuildFile; fileRef = 82CCCBBB28B0F9C700085E2D /* TimeoutModel.swift */; };
/* End PBXBuildFile section */

/* Begin PBXFileReference section */
		289CC869289993C9009C1DCE /* AppDelegate.swift */ = {isa = PBXFileReference; lastKnownFileType = sourcecode.swift; path = AppDelegate.swift; sourceTree = "<group>"; };
		289CC86D289C6826009C1DCE /* SettingsView.swift */ = {isa = PBXFileReference; lastKnownFileType = sourcecode.swift; path = SettingsView.swift; sourceTree = "<group>"; };
		289CC86F289C6846009C1DCE /* SettingsViewModel.swift */ = {isa = PBXFileReference; lastKnownFileType = sourcecode.swift; path = SettingsViewModel.swift; sourceTree = "<group>"; };
		289CC871289C68D8009C1DCE /* LoadingView.swift */ = {isa = PBXFileReference; lastKnownFileType = sourcecode.swift; path = LoadingView.swift; sourceTree = "<group>"; };
		289CC873289C695F009C1DCE /* Colors.swift */ = {isa = PBXFileReference; lastKnownFileType = sourcecode.swift; path = Colors.swift; sourceTree = "<group>"; };
		289CC875289C69D9009C1DCE /* ProminentHeaderModifier.swift */ = {isa = PBXFileReference; lastKnownFileType = sourcecode.swift; path = ProminentHeaderModifier.swift; sourceTree = "<group>"; };
		28BB3C7228A217F00038AB4F /* GoogleService-Info.plist */ = {isa = PBXFileReference; fileEncoding = 4; lastKnownFileType = text.plist.xml; path = "GoogleService-Info.plist"; sourceTree = "<group>"; };
		6A09D64628A59E9A005E5C23 /* ImagePicker.swift */ = {isa = PBXFileReference; lastKnownFileType = sourcecode.swift; path = ImagePicker.swift; sourceTree = "<group>"; };
		6A449BBE2896F4320015826A /* NetworkManager.swift */ = {isa = PBXFileReference; fileEncoding = 4; lastKnownFileType = sourcecode.swift; path = NetworkManager.swift; sourceTree = "<group>"; };
		6A449BBF2896F4320015826A /* AuthManager.swift */ = {isa = PBXFileReference; fileEncoding = 4; lastKnownFileType = sourcecode.swift; path = AuthManager.swift; sourceTree = "<group>"; };
		6A449BE02896F4320015826A /* MessagesView.swift */ = {isa = PBXFileReference; fileEncoding = 4; lastKnownFileType = sourcecode.swift; path = MessagesView.swift; sourceTree = "<group>"; };
		6A449BE32896F4320015826A /* PostViewModel.swift */ = {isa = PBXFileReference; fileEncoding = 4; lastKnownFileType = sourcecode.swift; path = PostViewModel.swift; sourceTree = "<group>"; };
		6A449BE52896F4320015826A /* PostView.swift */ = {isa = PBXFileReference; fileEncoding = 4; lastKnownFileType = sourcecode.swift; path = PostView.swift; sourceTree = "<group>"; };
		6A449BE82896F4320015826A /* VerificationViewModel.swift */ = {isa = PBXFileReference; fileEncoding = 4; lastKnownFileType = sourcecode.swift; path = VerificationViewModel.swift; sourceTree = "<group>"; };
		6A449BE92896F4320015826A /* PhoneLoginViewModel.swift */ = {isa = PBXFileReference; fileEncoding = 4; lastKnownFileType = sourcecode.swift; path = PhoneLoginViewModel.swift; sourceTree = "<group>"; };
		6A449BEB2896F4320015826A /* OnboardView.swift */ = {isa = PBXFileReference; fileEncoding = 4; lastKnownFileType = sourcecode.swift; path = OnboardView.swift; sourceTree = "<group>"; };
		6A449BEC2896F4320015826A /* VerificationView.swift */ = {isa = PBXFileReference; fileEncoding = 4; lastKnownFileType = sourcecode.swift; path = VerificationView.swift; sourceTree = "<group>"; };
		6A449BED2896F4320015826A /* WelcomeView.swift */ = {isa = PBXFileReference; fileEncoding = 4; lastKnownFileType = sourcecode.swift; path = WelcomeView.swift; sourceTree = "<group>"; };
		6A449BEE2896F4320015826A /* PhoneLoginView.swift */ = {isa = PBXFileReference; fileEncoding = 4; lastKnownFileType = sourcecode.swift; path = PhoneLoginView.swift; sourceTree = "<group>"; };
		6A449BEF2896F4320015826A /* EmailVerificationView.swift */ = {isa = PBXFileReference; fileEncoding = 4; lastKnownFileType = sourcecode.swift; path = EmailVerificationView.swift; sourceTree = "<group>"; };
		6A449BF92896F4320015826A /* ChooseLocationFilterViewModel.swift */ = {isa = PBXFileReference; fileEncoding = 4; lastKnownFileType = sourcecode.swift; path = ChooseLocationFilterViewModel.swift; sourceTree = "<group>"; };
		6A449BFA2896F4320015826A /* ChooseLocationViewModel.swift */ = {isa = PBXFileReference; fileEncoding = 4; lastKnownFileType = sourcecode.swift; path = ChooseLocationViewModel.swift; sourceTree = "<group>"; };
		6A449BFC2896F4320015826A /* ChooseLocationView.swift */ = {isa = PBXFileReference; fileEncoding = 4; lastKnownFileType = sourcecode.swift; path = ChooseLocationView.swift; sourceTree = "<group>"; };
		6A449BFF2896F4320015826A /* LeaderboardViewModel.swift */ = {isa = PBXFileReference; fileEncoding = 4; lastKnownFileType = sourcecode.swift; path = LeaderboardViewModel.swift; sourceTree = "<group>"; };
		6A449C012896F4320015826A /* LeaderboardView.swift */ = {isa = PBXFileReference; fileEncoding = 4; lastKnownFileType = sourcecode.swift; path = LeaderboardView.swift; sourceTree = "<group>"; };
		6A449C042896F4320015826A /* ProfileFilterViewModel.swift */ = {isa = PBXFileReference; fileEncoding = 4; lastKnownFileType = sourcecode.swift; path = ProfileFilterViewModel.swift; sourceTree = "<group>"; };
		6A449C052896F4320015826A /* ProfileViewModel.swift */ = {isa = PBXFileReference; fileEncoding = 4; lastKnownFileType = sourcecode.swift; path = ProfileViewModel.swift; sourceTree = "<group>"; };
		6A449C072896F4320015826A /* ProfileView.swift */ = {isa = PBXFileReference; fileEncoding = 4; lastKnownFileType = sourcecode.swift; path = ProfileView.swift; sourceTree = "<group>"; };
		6A449C0B2896F4320015826A /* FeedViewModel.swift */ = {isa = PBXFileReference; fileEncoding = 4; lastKnownFileType = sourcecode.swift; path = FeedViewModel.swift; sourceTree = "<group>"; };
		6A449C0D2896F4320015826A /* FeedView.swift */ = {isa = PBXFileReference; fileEncoding = 4; lastKnownFileType = sourcecode.swift; path = FeedView.swift; sourceTree = "<group>"; };
		6A449C0F2896F4320015826A /* MainTabView.swift */ = {isa = PBXFileReference; fileEncoding = 4; lastKnownFileType = sourcecode.swift; path = MainTabView.swift; sourceTree = "<group>"; };
		6A449C122896F4320015826A /* NewPostViewModel.swift */ = {isa = PBXFileReference; fileEncoding = 4; lastKnownFileType = sourcecode.swift; path = NewPostViewModel.swift; sourceTree = "<group>"; };
		6A449C142896F4320015826A /* NewPostView.swift */ = {isa = PBXFileReference; fileEncoding = 4; lastKnownFileType = sourcecode.swift; path = NewPostView.swift; sourceTree = "<group>"; };
		6A449C182896F4320015826A /* Assets.xcassets */ = {isa = PBXFileReference; lastKnownFileType = folder.assetcatalog; path = Assets.xcassets; sourceTree = "<group>"; };
		6A449C192896F4320015826A /* PongApp.swift */ = {isa = PBXFileReference; fileEncoding = 4; lastKnownFileType = sourcecode.swift; path = PongApp.swift; sourceTree = "<group>"; };
		6A449C1C2896F4320015826A /* TotalScore.swift */ = {isa = PBXFileReference; fileEncoding = 4; lastKnownFileType = sourcecode.swift; path = TotalScore.swift; sourceTree = "<group>"; };
		6A449C1D2896F4320015826A /* Votes.swift */ = {isa = PBXFileReference; fileEncoding = 4; lastKnownFileType = sourcecode.swift; path = Votes.swift; sourceTree = "<group>"; };
		6A449C1E2896F4320015826A /* Comment.swift */ = {isa = PBXFileReference; fileEncoding = 4; lastKnownFileType = sourcecode.swift; path = Comment.swift; sourceTree = "<group>"; };
		6A449C202896F4320015826A /* DeleteCommentRequestBody.swift */ = {isa = PBXFileReference; fileEncoding = 4; lastKnownFileType = sourcecode.swift; path = DeleteCommentRequestBody.swift; sourceTree = "<group>"; };
		6A449C212896F4320015826A /* PostReport.swift */ = {isa = PBXFileReference; fileEncoding = 4; lastKnownFileType = sourcecode.swift; path = PostReport.swift; sourceTree = "<group>"; };
		6A449C222896F4320015826A /* Message.swift */ = {isa = PBXFileReference; fileEncoding = 4; lastKnownFileType = sourcecode.swift; path = Message.swift; sourceTree = "<group>"; };
		6A449C232896F4320015826A /* OTPStartResponseBody.swift */ = {isa = PBXFileReference; fileEncoding = 4; lastKnownFileType = sourcecode.swift; path = OTPStartResponseBody.swift; sourceTree = "<group>"; };
		6A449C242896F4320015826A /* User.swift */ = {isa = PBXFileReference; fileEncoding = 4; lastKnownFileType = sourcecode.swift; path = User.swift; sourceTree = "<group>"; };
		6A449C272896F4320015826A /* CommentVoteRequestBody.swift */ = {isa = PBXFileReference; fileEncoding = 4; lastKnownFileType = sourcecode.swift; path = CommentVoteRequestBody.swift; sourceTree = "<group>"; };
		6A449C282896F4320015826A /* ReadPostRequestBody.swift */ = {isa = PBXFileReference; fileEncoding = 4; lastKnownFileType = sourcecode.swift; path = ReadPostRequestBody.swift; sourceTree = "<group>"; };
		6A449C292896F4320015826A /* CreatePostReportRequestBody.swift */ = {isa = PBXFileReference; fileEncoding = 4; lastKnownFileType = sourcecode.swift; path = CreatePostReportRequestBody.swift; sourceTree = "<group>"; };
		6A449C2A2896F4320015826A /* OTPVerifyRequestBody.swift */ = {isa = PBXFileReference; fileEncoding = 4; lastKnownFileType = sourcecode.swift; path = OTPVerifyRequestBody.swift; sourceTree = "<group>"; };
		6A449C2B2896F4320015826A /* Post.swift */ = {isa = PBXFileReference; fileEncoding = 4; lastKnownFileType = sourcecode.swift; path = Post.swift; sourceTree = "<group>"; };
		6A449C2E2896F4320015826A /* LoggedInInfoResponseBody.swift */ = {isa = PBXFileReference; fileEncoding = 4; lastKnownFileType = sourcecode.swift; path = LoggedInInfoResponseBody.swift; sourceTree = "<group>"; };
		6A449C2F2896F4320015826A /* OTPVerifyResponseBody.swift */ = {isa = PBXFileReference; fileEncoding = 4; lastKnownFileType = sourcecode.swift; path = OTPVerifyResponseBody.swift; sourceTree = "<group>"; };
		6A449C302896F4320015826A /* OTPStartRequestBody.swift */ = {isa = PBXFileReference; fileEncoding = 4; lastKnownFileType = sourcecode.swift; path = OTPStartRequestBody.swift; sourceTree = "<group>"; };
		6A449C322896F4320015826A /* Preview Assets.xcassets */ = {isa = PBXFileReference; lastKnownFileType = folder.assetcatalog; path = "Preview Assets.xcassets"; sourceTree = "<group>"; };
		6A449C332896F4320015826A /* Extensions.swift */ = {isa = PBXFileReference; fileEncoding = 4; lastKnownFileType = sourcecode.swift; path = Extensions.swift; sourceTree = "<group>"; };
		6A449C352896F4320015826A /* TextArea.swift */ = {isa = PBXFileReference; fileEncoding = 4; lastKnownFileType = sourcecode.swift; path = TextArea.swift; sourceTree = "<group>"; };
		6A449C382896F4320015826A /* NewPollViewModel.swift */ = {isa = PBXFileReference; fileEncoding = 4; lastKnownFileType = sourcecode.swift; path = NewPollViewModel.swift; sourceTree = "<group>"; };
		6A449C3A2896F4320015826A /* NewPoll.swift */ = {isa = PBXFileReference; fileEncoding = 4; lastKnownFileType = sourcecode.swift; path = NewPoll.swift; sourceTree = "<group>"; };
		6A449C432896F4320015826A /* MessageField.swift */ = {isa = PBXFileReference; fileEncoding = 4; lastKnownFileType = sourcecode.swift; path = MessageField.swift; sourceTree = "<group>"; };
		6A449C492896F4320015826A /* ProfileCommentBubbleViewModel.swift */ = {isa = PBXFileReference; fileEncoding = 4; lastKnownFileType = sourcecode.swift; path = ProfileCommentBubbleViewModel.swift; sourceTree = "<group>"; };
		6A449C4B2896F4320015826A /* ProfileCommentBubble.swift */ = {isa = PBXFileReference; fileEncoding = 4; lastKnownFileType = sourcecode.swift; path = ProfileCommentBubble.swift; sourceTree = "<group>"; };
		6A449C4F2896F4320015826A /* PostBubbleViewModel.swift */ = {isa = PBXFileReference; fileEncoding = 4; lastKnownFileType = sourcecode.swift; path = PostBubbleViewModel.swift; sourceTree = "<group>"; };
		6A449C512896F4320015826A /* PostBubble.swift */ = {isa = PBXFileReference; fileEncoding = 4; lastKnownFileType = sourcecode.swift; path = PostBubble.swift; sourceTree = "<group>"; };
		6A449C522896F4320015826A /* ActionSheets.swift */ = {isa = PBXFileReference; fileEncoding = 4; lastKnownFileType = sourcecode.swift; path = ActionSheets.swift; sourceTree = "<group>"; };
		6A449C552896F4320015826A /* ReportViewModel.swift */ = {isa = PBXFileReference; fileEncoding = 4; lastKnownFileType = sourcecode.swift; path = ReportViewModel.swift; sourceTree = "<group>"; };
		6A449C572896F4320015826A /* ReportView.swift */ = {isa = PBXFileReference; fileEncoding = 4; lastKnownFileType = sourcecode.swift; path = ReportView.swift; sourceTree = "<group>"; };
		6A449C582896F4320015826A /* CommentBubble.swift */ = {isa = PBXFileReference; fileEncoding = 4; lastKnownFileType = sourcecode.swift; path = CommentBubble.swift; sourceTree = "<group>"; };
		6A449C592896F4320015826A /* CustomInputField.swift */ = {isa = PBXFileReference; fileEncoding = 4; lastKnownFileType = sourcecode.swift; path = CustomInputField.swift; sourceTree = "<group>"; };
		6A449C5C2896F4320015826A /* PollViewModel.swift */ = {isa = PBXFileReference; fileEncoding = 4; lastKnownFileType = sourcecode.swift; path = PollViewModel.swift; sourceTree = "<group>"; };
		6A449C5E2896F4320015826A /* PollView.swift */ = {isa = PBXFileReference; fileEncoding = 4; lastKnownFileType = sourcecode.swift; path = PollView.swift; sourceTree = "<group>"; };
		6A449C5F2896F4320015826A /* ShareSheet.swift */ = {isa = PBXFileReference; fileEncoding = 4; lastKnownFileType = sourcecode.swift; path = ShareSheet.swift; sourceTree = "<group>"; };
		6A449C602896F4320015826A /* DefaultModels.swift */ = {isa = PBXFileReference; fileEncoding = 4; lastKnownFileType = sourcecode.swift; path = DefaultModels.swift; sourceTree = "<group>"; };
		6A449C622896F4320015826A /* ContentView.swift */ = {isa = PBXFileReference; fileEncoding = 4; lastKnownFileType = sourcecode.swift; path = ContentView.swift; sourceTree = "<group>"; };
		6A449CCE2897A5BD0015826A /* CommentBubbleViewModel.swift */ = {isa = PBXFileReference; lastKnownFileType = sourcecode.swift; path = CommentBubbleViewModel.swift; sourceTree = "<group>"; };
		6A449CD32898B1D00015826A /* ErrorResponseBody.swift */ = {isa = PBXFileReference; lastKnownFileType = sourcecode.swift; path = ErrorResponseBody.swift; sourceTree = "<group>"; };
		6A449CD52898E3BC0015826A /* FloatWarning.swift */ = {isa = PBXFileReference; lastKnownFileType = sourcecode.swift; path = FloatWarning.swift; sourceTree = "<group>"; };
		6A5479C82895C08F00BC18CD /* Pong.entitlements */ = {isa = PBXFileReference; lastKnownFileType = text.plist.entitlements; path = Pong.entitlements; sourceTree = "<group>"; };
		6A5DF0E32851321000F28A06 /* Pong.app */ = {isa = PBXFileReference; explicitFileType = wrapper.application; includeInIndex = 0; path = Pong.app; sourceTree = BUILT_PRODUCTS_DIR; };
		6A78FA4E289CD31A00B75CC6 /* NotificationsView.swift */ = {isa = PBXFileReference; lastKnownFileType = sourcecode.swift; path = NotificationsView.swift; sourceTree = "<group>"; };
		6A78FA52289CDACF00B75CC6 /* MainTabViewModel.swift */ = {isa = PBXFileReference; lastKnownFileType = sourcecode.swift; path = MainTabViewModel.swift; sourceTree = "<group>"; };
		6A78FA54289CE38200B75CC6 /* NotificationsViewModel.swift */ = {isa = PBXFileReference; lastKnownFileType = sourcecode.swift; path = NotificationsViewModel.swift; sourceTree = "<group>"; };
		6A78FA5628A19A0D00B75CC6 /* VerifyEmailModel.swift */ = {isa = PBXFileReference; lastKnownFileType = sourcecode.swift; path = VerifyEmailModel.swift; sourceTree = "<group>"; };
		6A78FA5828A1A65E00B75CC6 /* PostVoteModel.swift */ = {isa = PBXFileReference; lastKnownFileType = sourcecode.swift; path = PostVoteModel.swift; sourceTree = "<group>"; };
		6A78FA5B28A1A82C00B75CC6 /* DAKeychain.swift */ = {isa = PBXFileReference; lastKnownFileType = sourcecode.swift; path = DAKeychain.swift; sourceTree = "<group>"; };
		6A78FA5D28A1F44F00B75CC6 /* CommentVoteModel.swift */ = {isa = PBXFileReference; lastKnownFileType = sourcecode.swift; path = CommentVoteModel.swift; sourceTree = "<group>"; };
		6A78FA5F28A214FF00B75CC6 /* CommentReplyModel.swift */ = {isa = PBXFileReference; lastKnownFileType = sourcecode.swift; path = CommentReplyModel.swift; sourceTree = "<group>"; };
		6A7E109828AED83500CE3CFD /* PollVoteModel.swift */ = {isa = PBXFileReference; lastKnownFileType = sourcecode.swift; path = PollVoteModel.swift; sourceTree = "<group>"; };
		6A832ED528A6C29300F4EBEF /* CommentCreateModel.swift */ = {isa = PBXFileReference; lastKnownFileType = sourcecode.swift; path = CommentCreateModel.swift; sourceTree = "<group>"; };
		6AEE15D328AC4AC600EEF1E6 /* Poll.swift */ = {isa = PBXFileReference; lastKnownFileType = sourcecode.swift; path = Poll.swift; sourceTree = "<group>"; };
		82AEE06728AEDF2A00738EB5 /* LeaderboardAwardCoin.swift */ = {isa = PBXFileReference; lastKnownFileType = sourcecode.swift; path = LeaderboardAwardCoin.swift; sourceTree = "<group>"; };
		82AEE06A28AEE03400738EB5 /* LeaderboardTopThree.swift */ = {isa = PBXFileReference; lastKnownFileType = sourcecode.swift; path = LeaderboardTopThree.swift; sourceTree = "<group>"; };
		82CCCBAF28B0F95500085E2D /* AdminFeedViewModel.swift */ = {isa = PBXFileReference; fileEncoding = 4; lastKnownFileType = sourcecode.swift; path = AdminFeedViewModel.swift; sourceTree = "<group>"; };
		82CCCBB128B0F95500085E2D /* AdminFeedView.swift */ = {isa = PBXFileReference; fileEncoding = 4; lastKnownFileType = sourcecode.swift; path = AdminFeedView.swift; sourceTree = "<group>"; };
		82CCCBB628B0F99E00085E2D /* AdminPostBubbleViewModel.swift */ = {isa = PBXFileReference; fileEncoding = 4; lastKnownFileType = sourcecode.swift; path = AdminPostBubbleViewModel.swift; sourceTree = "<group>"; };
		82CCCBB828B0F99E00085E2D /* AdminPostBubble.swift */ = {isa = PBXFileReference; fileEncoding = 4; lastKnownFileType = sourcecode.swift; path = AdminPostBubble.swift; sourceTree = "<group>"; };
		82CCCBBB28B0F9C700085E2D /* TimeoutModel.swift */ = {isa = PBXFileReference; fileEncoding = 4; lastKnownFileType = sourcecode.swift; path = TimeoutModel.swift; sourceTree = "<group>"; };
/* End PBXFileReference section */

/* Begin PBXFrameworksBuildPhase section */
		6A5DF0E02851321000F28A06 /* Frameworks */ = {
			isa = PBXFrameworksBuildPhase;
			buildActionMask = 2147483647;
			files = (
				289CC86628999135009C1DCE /* FirebaseMessaging in Frameworks */,
				6A68DC32288A225700BF2775 /* PopupView in Frameworks */,
				28E7C32A2895E302002C186A /* Alamofire in Frameworks */,
				28E7C3242895E23B002C186A /* GoogleSignInSwift in Frameworks */,
				6A218469287A0C8200681C86 /* iPhoneNumberField in Frameworks */,
				287727EB28A38E5F00BC60D1 /* Introspect in Frameworks */,
				6A5479C72895BB9800BC18CD /* MSAL in Frameworks */,
				28E7C3222895E23B002C186A /* GoogleSignIn in Frameworks */,
			);
			runOnlyForDeploymentPostprocessing = 0;
		};
/* End PBXFrameworksBuildPhase section */

/* Begin PBXGroup section */
		6A449BB92896F4320015826A /* Pong */ = {
			isa = PBXGroup;
			children = (
				6A449BBD2896F4320015826A /* Managers */,
				6A449C1A2896F4320015826A /* Models */,
				6A449C342896F4320015826A /* Components */,
				6A449BC02896F4320015826A /* Features */,
				6A78FA5A28A1A81200B75CC6 /* Extensions */,
				289CC869289993C9009C1DCE /* AppDelegate.swift */,
				6A449C602896F4320015826A /* DefaultModels.swift */,
				6A449C182896F4320015826A /* Assets.xcassets */,
				6A449C312896F4320015826A /* Preview Content */,
			);
			path = Pong;
			sourceTree = "<group>";
		};
		6A449BBD2896F4320015826A /* Managers */ = {
			isa = PBXGroup;
			children = (
				6A449BBF2896F4320015826A /* AuthManager.swift */,
				6A449BBE2896F4320015826A /* NetworkManager.swift */,
			);
			path = Managers;
			sourceTree = "<group>";
		};
		6A449BC02896F4320015826A /* Features */ = {
			isa = PBXGroup;
			children = (
				82CCCBAD28B0F95500085E2D /* AdminFeed */,
				6A449BE62896F4320015826A /* OnboardingProcess */,
				6A449C0E2896F4320015826A /* MainTab */,
				6A449C082896F4320015826A /* Feed */,
				6A449BE12896F4320015826A /* Post */,
				6A449C102896F4320015826A /* NewPost */,
				6A449BFD2896F4320015826A /* Leaderboard */,
				6A78FA4B289CD2DA00B75CC6 /* Notifications */,
				6A449BDE2896F4320015826A /* Messages */,
				6A449C022896F4320015826A /* Profile */,
				6A449BC12896F4320015826A /* Settings */,
				6A449BF72896F4320015826A /* ChooseLocation */,
			);
			path = Features;
			sourceTree = "<group>";
		};
		6A449BC12896F4320015826A /* Settings */ = {
			isa = PBXGroup;
			children = (
				6A449BC22896F4320015826A /* ViewModels */,
				6A449BD42896F4320015826A /* Views */,
			);
			path = Settings;
			sourceTree = "<group>";
		};
		6A449BC22896F4320015826A /* ViewModels */ = {
			isa = PBXGroup;
			children = (
				289CC86F289C6846009C1DCE /* SettingsViewModel.swift */,
			);
			path = ViewModels;
			sourceTree = "<group>";
		};
		6A449BD42896F4320015826A /* Views */ = {
			isa = PBXGroup;
			children = (
				289CC86D289C6826009C1DCE /* SettingsView.swift */,
				289CC875289C69D9009C1DCE /* ProminentHeaderModifier.swift */,
			);
			path = Views;
			sourceTree = "<group>";
		};
		6A449BDE2896F4320015826A /* Messages */ = {
			isa = PBXGroup;
			children = (
				6A78FA6128A304A500B75CC6 /* ViewModels */,
				6A449BDF2896F4320015826A /* Views */,
			);
			path = Messages;
			sourceTree = "<group>";
		};
		6A449BDF2896F4320015826A /* Views */ = {
			isa = PBXGroup;
			children = (
				6A449BE02896F4320015826A /* MessagesView.swift */,
			);
			path = Views;
			sourceTree = "<group>";
		};
		6A449BE12896F4320015826A /* Post */ = {
			isa = PBXGroup;
			children = (
				6A832ED428A6C26E00F4EBEF /* Models */,
				6A832ED828A6C30300F4EBEF /* ViewModels */,
				6A832ED728A6C30000F4EBEF /* Views */,
			);
			path = Post;
			sourceTree = "<group>";
		};
		6A449BE62896F4320015826A /* OnboardingProcess */ = {
			isa = PBXGroup;
			children = (
				6A78FA6228A3060E00B75CC6 /* Models */,
				6A449BE72896F4320015826A /* ViewModels */,
				6A449BEA2896F4320015826A /* Views */,
			);
			path = OnboardingProcess;
			sourceTree = "<group>";
		};
		6A449BE72896F4320015826A /* ViewModels */ = {
			isa = PBXGroup;
			children = (
				6A449BE82896F4320015826A /* VerificationViewModel.swift */,
				6A449BE92896F4320015826A /* PhoneLoginViewModel.swift */,
			);
			path = ViewModels;
			sourceTree = "<group>";
		};
		6A449BEA2896F4320015826A /* Views */ = {
			isa = PBXGroup;
			children = (
				6A449BEB2896F4320015826A /* OnboardView.swift */,
				6A449BEF2896F4320015826A /* EmailVerificationView.swift */,
				6A449BED2896F4320015826A /* WelcomeView.swift */,
				6A449BEC2896F4320015826A /* VerificationView.swift */,
				6A449BEE2896F4320015826A /* PhoneLoginView.swift */,
			);
			path = Views;
			sourceTree = "<group>";
		};
		6A449BF72896F4320015826A /* ChooseLocation */ = {
			isa = PBXGroup;
			children = (
				6A449BF82896F4320015826A /* ViewModels */,
				6A449BFB2896F4320015826A /* Views */,
			);
			path = ChooseLocation;
			sourceTree = "<group>";
		};
		6A449BF82896F4320015826A /* ViewModels */ = {
			isa = PBXGroup;
			children = (
				6A449BF92896F4320015826A /* ChooseLocationFilterViewModel.swift */,
				6A449BFA2896F4320015826A /* ChooseLocationViewModel.swift */,
			);
			path = ViewModels;
			sourceTree = "<group>";
		};
		6A449BFB2896F4320015826A /* Views */ = {
			isa = PBXGroup;
			children = (
				6A449BFC2896F4320015826A /* ChooseLocationView.swift */,
			);
			path = Views;
			sourceTree = "<group>";
		};
		6A449BFD2896F4320015826A /* Leaderboard */ = {
			isa = PBXGroup;
			children = (
				6A449BFE2896F4320015826A /* ViewModels */,
				6A449C002896F4320015826A /* Views */,
			);
			path = Leaderboard;
			sourceTree = "<group>";
		};
		6A449BFE2896F4320015826A /* ViewModels */ = {
			isa = PBXGroup;
			children = (
				6A449BFF2896F4320015826A /* LeaderboardViewModel.swift */,
			);
			path = ViewModels;
			sourceTree = "<group>";
		};
		6A449C002896F4320015826A /* Views */ = {
			isa = PBXGroup;
			children = (
				82AEE06728AEDF2A00738EB5 /* LeaderboardAwardCoin.swift */,
				6A449C012896F4320015826A /* LeaderboardView.swift */,
				82AEE06A28AEE03400738EB5 /* LeaderboardTopThree.swift */,
			);
			path = Views;
			sourceTree = "<group>";
		};
		6A449C022896F4320015826A /* Profile */ = {
			isa = PBXGroup;
			children = (
				6A449C032896F4320015826A /* ViewModels */,
				6A449C062896F4320015826A /* Views */,
			);
			path = Profile;
			sourceTree = "<group>";
		};
		6A449C032896F4320015826A /* ViewModels */ = {
			isa = PBXGroup;
			children = (
				6A449C042896F4320015826A /* ProfileFilterViewModel.swift */,
				6A449C492896F4320015826A /* ProfileCommentBubbleViewModel.swift */,
				6A449C052896F4320015826A /* ProfileViewModel.swift */,
			);
			path = ViewModels;
			sourceTree = "<group>";
		};
		6A449C062896F4320015826A /* Views */ = {
			isa = PBXGroup;
			children = (
				6A449C4B2896F4320015826A /* ProfileCommentBubble.swift */,
				6A449C072896F4320015826A /* ProfileView.swift */,
			);
			path = Views;
			sourceTree = "<group>";
		};
		6A449C082896F4320015826A /* Feed */ = {
			isa = PBXGroup;
			children = (
				6A449C092896F4320015826A /* ViewModel */,
				6A449C0C2896F4320015826A /* Views */,
			);
			path = Feed;
			sourceTree = "<group>";
		};
		6A449C092896F4320015826A /* ViewModel */ = {
			isa = PBXGroup;
			children = (
				6A449C0B2896F4320015826A /* FeedViewModel.swift */,
			);
			path = ViewModel;
			sourceTree = "<group>";
		};
		6A449C0C2896F4320015826A /* Views */ = {
			isa = PBXGroup;
			children = (
				6A449C0D2896F4320015826A /* FeedView.swift */,
			);
			path = Views;
			sourceTree = "<group>";
		};
		6A449C0E2896F4320015826A /* MainTab */ = {
			isa = PBXGroup;
			children = (
				6A78FA51289CDAC300B75CC6 /* ViewModels */,
				6A78FA50289CDAC100B75CC6 /* Views */,
			);
			path = MainTab;
			sourceTree = "<group>";
		};
		6A449C102896F4320015826A /* NewPost */ = {
			isa = PBXGroup;
			children = (
				6A449C112896F4320015826A /* ViewModels */,
				6A449C132896F4320015826A /* Views */,
			);
			path = NewPost;
			sourceTree = "<group>";
		};
		6A449C112896F4320015826A /* ViewModels */ = {
			isa = PBXGroup;
			children = (
				6A449C122896F4320015826A /* NewPostViewModel.swift */,
			);
			path = ViewModels;
			sourceTree = "<group>";
		};
		6A449C132896F4320015826A /* Views */ = {
			isa = PBXGroup;
			children = (
				6A449C142896F4320015826A /* NewPostView.swift */,
			);
			path = Views;
			sourceTree = "<group>";
		};
		6A449C1A2896F4320015826A /* Models */ = {
			isa = PBXGroup;
			children = (
				82CCCBBB28B0F9C700085E2D /* TimeoutModel.swift */,
				6A449C242896F4320015826A /* User.swift */,
				6A449C2B2896F4320015826A /* Post.swift */,
				6AEE15D328AC4AC600EEF1E6 /* Poll.swift */,
				6A449C1E2896F4320015826A /* Comment.swift */,
				6A78FA5628A19A0D00B75CC6 /* VerifyEmailModel.swift */,
				6A78FA5828A1A65E00B75CC6 /* PostVoteModel.swift */,
				6A7E109828AED83500CE3CFD /* PollVoteModel.swift */,
				6A449C1C2896F4320015826A /* TotalScore.swift */,
				6A449C1D2896F4320015826A /* Votes.swift */,
				6A449C202896F4320015826A /* DeleteCommentRequestBody.swift */,
				6A449C212896F4320015826A /* PostReport.swift */,
				6A449C222896F4320015826A /* Message.swift */,
				6A449C272896F4320015826A /* CommentVoteRequestBody.swift */,
				6A449C282896F4320015826A /* ReadPostRequestBody.swift */,
				6A449C292896F4320015826A /* CreatePostReportRequestBody.swift */,
				6A449CD32898B1D00015826A /* ErrorResponseBody.swift */,
			);
			path = Models;
			sourceTree = "<group>";
		};
		6A449C312896F4320015826A /* Preview Content */ = {
			isa = PBXGroup;
			children = (
				6A449C322896F4320015826A /* Preview Assets.xcassets */,
			);
			path = "Preview Content";
			sourceTree = "<group>";
		};
		6A449C342896F4320015826A /* Components */ = {
			isa = PBXGroup;
			children = (
				82CCCBB428B0F99E00085E2D /* AdminPostBubble */,
				6A449CD0289886810015826A /* PostBubble */,
				6A449CCB2897A5A20015826A /* CommentBubble */,
				6A449C5A2896F4320015826A /* Poll */,
				6A449C362896F4320015826A /* NewPoll */,
				6A449C532896F4320015826A /* Report */,
				6A449C592896F4320015826A /* CustomInputField.swift */,
				6A449C352896F4320015826A /* TextArea.swift */,
				6A449C432896F4320015826A /* MessageField.swift */,
				6A449C5F2896F4320015826A /* ShareSheet.swift */,
				6A449C522896F4320015826A /* ActionSheets.swift */,
				6A449CD52898E3BC0015826A /* FloatWarning.swift */,
			);
			path = Components;
			sourceTree = "<group>";
		};
		6A449C362896F4320015826A /* NewPoll */ = {
			isa = PBXGroup;
			children = (
				6A449C372896F4320015826A /* ViewModels */,
				6A449C392896F4320015826A /* Views */,
			);
			path = NewPoll;
			sourceTree = "<group>";
		};
		6A449C372896F4320015826A /* ViewModels */ = {
			isa = PBXGroup;
			children = (
				6A449C382896F4320015826A /* NewPollViewModel.swift */,
			);
			path = ViewModels;
			sourceTree = "<group>";
		};
		6A449C392896F4320015826A /* Views */ = {
			isa = PBXGroup;
			children = (
				6A449C3A2896F4320015826A /* NewPoll.swift */,
			);
			path = Views;
			sourceTree = "<group>";
		};
		6A449C532896F4320015826A /* Report */ = {
			isa = PBXGroup;
			children = (
				6A449C542896F4320015826A /* ViewModels */,
				6A449C562896F4320015826A /* View */,
			);
			path = Report;
			sourceTree = "<group>";
		};
		6A449C542896F4320015826A /* ViewModels */ = {
			isa = PBXGroup;
			children = (
				6A449C552896F4320015826A /* ReportViewModel.swift */,
			);
			path = ViewModels;
			sourceTree = "<group>";
		};
		6A449C562896F4320015826A /* View */ = {
			isa = PBXGroup;
			children = (
				6A449C572896F4320015826A /* ReportView.swift */,
			);
			path = View;
			sourceTree = "<group>";
		};
		6A449C5A2896F4320015826A /* Poll */ = {
			isa = PBXGroup;
			children = (
				6A449C5B2896F4320015826A /* ViewModels */,
				6A449C5D2896F4320015826A /* Views */,
			);
			path = Poll;
			sourceTree = "<group>";
		};
		6A449C5B2896F4320015826A /* ViewModels */ = {
			isa = PBXGroup;
			children = (
				6A449C5C2896F4320015826A /* PollViewModel.swift */,
			);
			path = ViewModels;
			sourceTree = "<group>";
		};
		6A449C5D2896F4320015826A /* Views */ = {
			isa = PBXGroup;
			children = (
				6A449C5E2896F4320015826A /* PollView.swift */,
			);
			path = Views;
			sourceTree = "<group>";
		};
		6A449CCB2897A5A20015826A /* CommentBubble */ = {
			isa = PBXGroup;
			children = (
				6A449CCD2897A5B00015826A /* ViewModels */,
				6A449CCC2897A5AD0015826A /* Views */,
			);
			path = CommentBubble;
			sourceTree = "<group>";
		};
		6A449CCC2897A5AD0015826A /* Views */ = {
			isa = PBXGroup;
			children = (
				6A449C582896F4320015826A /* CommentBubble.swift */,
			);
			path = Views;
			sourceTree = "<group>";
		};
		6A449CCD2897A5B00015826A /* ViewModels */ = {
			isa = PBXGroup;
			children = (
				6A449CCE2897A5BD0015826A /* CommentBubbleViewModel.swift */,
			);
			path = ViewModels;
			sourceTree = "<group>";
		};
		6A449CD0289886810015826A /* PostBubble */ = {
			isa = PBXGroup;
			children = (
				6A449CD22898868E0015826A /* ViewModels */,
				6A449CD12898868A0015826A /* Views */,
			);
			path = PostBubble;
			sourceTree = "<group>";
		};
		6A449CD12898868A0015826A /* Views */ = {
			isa = PBXGroup;
			children = (
				6A449C512896F4320015826A /* PostBubble.swift */,
			);
			path = Views;
			sourceTree = "<group>";
		};
		6A449CD22898868E0015826A /* ViewModels */ = {
			isa = PBXGroup;
			children = (
				6A449C4F2896F4320015826A /* PostBubbleViewModel.swift */,
			);
			path = ViewModels;
			sourceTree = "<group>";
		};
		6A5DF0DA2851321000F28A06 = {
			isa = PBXGroup;
			children = (
				28BB3C7228A217F00038AB4F /* GoogleService-Info.plist */,
				6A5479C82895C08F00BC18CD /* Pong.entitlements */,
				6A449C192896F4320015826A /* PongApp.swift */,
				6A449C622896F4320015826A /* ContentView.swift */,
				6A449BB92896F4320015826A /* Pong */,
				6A5DF0E42851321000F28A06 /* Products */,
			);
			sourceTree = "<group>";
		};
		6A5DF0E42851321000F28A06 /* Products */ = {
			isa = PBXGroup;
			children = (
				6A5DF0E32851321000F28A06 /* Pong.app */,
			);
			name = Products;
			sourceTree = "<group>";
		};
		6A78FA4B289CD2DA00B75CC6 /* Notifications */ = {
			isa = PBXGroup;
			children = (
				6A78FA4D289CD30200B75CC6 /* ViewModels */,
				6A78FA4C289CD2FF00B75CC6 /* Views */,
			);
			path = Notifications;
			sourceTree = "<group>";
		};
		6A78FA4C289CD2FF00B75CC6 /* Views */ = {
			isa = PBXGroup;
			children = (
				6A78FA4E289CD31A00B75CC6 /* NotificationsView.swift */,
			);
			path = Views;
			sourceTree = "<group>";
		};
		6A78FA4D289CD30200B75CC6 /* ViewModels */ = {
			isa = PBXGroup;
			children = (
				6A78FA54289CE38200B75CC6 /* NotificationsViewModel.swift */,
			);
			path = ViewModels;
			sourceTree = "<group>";
		};
		6A78FA50289CDAC100B75CC6 /* Views */ = {
			isa = PBXGroup;
			children = (
				6A449C0F2896F4320015826A /* MainTabView.swift */,
			);
			path = Views;
			sourceTree = "<group>";
		};
		6A78FA51289CDAC300B75CC6 /* ViewModels */ = {
			isa = PBXGroup;
			children = (
				6A78FA52289CDACF00B75CC6 /* MainTabViewModel.swift */,
			);
			path = ViewModels;
			sourceTree = "<group>";
		};
		6A78FA5A28A1A81200B75CC6 /* Extensions */ = {
			isa = PBXGroup;
			children = (
				289CC871289C68D8009C1DCE /* LoadingView.swift */,
				6A78FA5B28A1A82C00B75CC6 /* DAKeychain.swift */,
				6A449C332896F4320015826A /* Extensions.swift */,
				289CC873289C695F009C1DCE /* Colors.swift */,
				6A09D64628A59E9A005E5C23 /* ImagePicker.swift */,
			);
			path = Extensions;
			sourceTree = "<group>";
		};
		6A78FA6128A304A500B75CC6 /* ViewModels */ = {
			isa = PBXGroup;
			children = (
			);
			path = ViewModels;
			sourceTree = "<group>";
		};
		6A78FA6228A3060E00B75CC6 /* Models */ = {
			isa = PBXGroup;
			children = (
				6A449C302896F4320015826A /* OTPStartRequestBody.swift */,
				6A449C232896F4320015826A /* OTPStartResponseBody.swift */,
				6A449C2A2896F4320015826A /* OTPVerifyRequestBody.swift */,
				6A449C2F2896F4320015826A /* OTPVerifyResponseBody.swift */,
				6A449C2E2896F4320015826A /* LoggedInInfoResponseBody.swift */,
			);
			path = Models;
			sourceTree = "<group>";
		};
		6A832ED428A6C26E00F4EBEF /* Models */ = {
			isa = PBXGroup;
			children = (
				6A832ED528A6C29300F4EBEF /* CommentCreateModel.swift */,
				6A78FA5D28A1F44F00B75CC6 /* CommentVoteModel.swift */,
				6A78FA5F28A214FF00B75CC6 /* CommentReplyModel.swift */,
			);
			path = Models;
			sourceTree = "<group>";
		};
		6A832ED728A6C30000F4EBEF /* Views */ = {
			isa = PBXGroup;
			children = (
				6A449BE52896F4320015826A /* PostView.swift */,
			);
			path = Views;
			sourceTree = "<group>";
		};
		6A832ED828A6C30300F4EBEF /* ViewModels */ = {
			isa = PBXGroup;
			children = (
				6A449BE32896F4320015826A /* PostViewModel.swift */,
			);
			path = ViewModels;
			sourceTree = "<group>";
		};
		82CCCBAD28B0F95500085E2D /* AdminFeed */ = {
			isa = PBXGroup;
			children = (
				82CCCBAE28B0F95500085E2D /* ViewModel */,
				82CCCBB028B0F95500085E2D /* Views */,
			);
			path = AdminFeed;
			sourceTree = "<group>";
		};
		82CCCBAE28B0F95500085E2D /* ViewModel */ = {
			isa = PBXGroup;
			children = (
				82CCCBAF28B0F95500085E2D /* AdminFeedViewModel.swift */,
			);
			path = ViewModel;
			sourceTree = "<group>";
		};
		82CCCBB028B0F95500085E2D /* Views */ = {
			isa = PBXGroup;
			children = (
				82CCCBB128B0F95500085E2D /* AdminFeedView.swift */,
			);
			path = Views;
			sourceTree = "<group>";
		};
		82CCCBB428B0F99E00085E2D /* AdminPostBubble */ = {
			isa = PBXGroup;
			children = (
				82CCCBB528B0F99E00085E2D /* ViewModels */,
				82CCCBB728B0F99E00085E2D /* Views */,
			);
			path = AdminPostBubble;
			sourceTree = "<group>";
		};
		82CCCBB528B0F99E00085E2D /* ViewModels */ = {
			isa = PBXGroup;
			children = (
				82CCCBB628B0F99E00085E2D /* AdminPostBubbleViewModel.swift */,
			);
			path = ViewModels;
			sourceTree = "<group>";
		};
		82CCCBB728B0F99E00085E2D /* Views */ = {
			isa = PBXGroup;
			children = (
				82CCCBB828B0F99E00085E2D /* AdminPostBubble.swift */,
			);
			path = Views;
			sourceTree = "<group>";
		};
/* End PBXGroup section */

/* Begin PBXNativeTarget section */
		6A5DF0E22851321000F28A06 /* Pong */ = {
			isa = PBXNativeTarget;
			buildConfigurationList = 6A5DF0F12851321100F28A06 /* Build configuration list for PBXNativeTarget "Pong" */;
			buildPhases = (
				6A5DF0DF2851321000F28A06 /* Sources */,
				6A5DF0E02851321000F28A06 /* Frameworks */,
				6A5DF0E12851321000F28A06 /* Resources */,
			);
			buildRules = (
			);
			dependencies = (
			);
			name = Pong;
			packageProductDependencies = (
				6A218468287A0C8200681C86 /* iPhoneNumberField */,
				6A68DC31288A225700BF2775 /* PopupView */,
				6A5479C62895BB9800BC18CD /* MSAL */,
				28E7C3212895E23B002C186A /* GoogleSignIn */,
				28E7C3232895E23B002C186A /* GoogleSignInSwift */,
				28E7C3292895E302002C186A /* Alamofire */,
				289CC86528999135009C1DCE /* FirebaseMessaging */,
				287727EA28A38E5F00BC60D1 /* Introspect */,
			);
			productName = pong;
			productReference = 6A5DF0E32851321000F28A06 /* Pong.app */;
			productType = "com.apple.product-type.application";
		};
/* End PBXNativeTarget section */

/* Begin PBXProject section */
		6A5DF0DB2851321000F28A06 /* Project object */ = {
			isa = PBXProject;
			attributes = {
				BuildIndependentTargetsInParallel = 1;
				LastSwiftUpdateCheck = 1340;
				LastUpgradeCheck = 1340;
				TargetAttributes = {
					6A5DF0E22851321000F28A06 = {
						CreatedOnToolsVersion = 13.4.1;
						LastSwiftMigration = 1340;
					};
				};
			};
			buildConfigurationList = 6A5DF0DE2851321000F28A06 /* Build configuration list for PBXProject "Pong" */;
			compatibilityVersion = "Xcode 13.0";
			developmentRegion = en;
			hasScannedForEncodings = 0;
			knownRegions = (
				en,
				Base,
			);
			mainGroup = 6A5DF0DA2851321000F28A06;
			packageReferences = (
				6A218467287A0C8200681C86 /* XCRemoteSwiftPackageReference "iPhoneNumberField" */,
				6A68DC30288A225700BF2775 /* XCRemoteSwiftPackageReference "PopupView" */,
				6A68DC44288B7A3100BF2775 /* XCRemoteSwiftPackageReference "ScalingHeaderScrollView" */,
				6A5479C52895BB9800BC18CD /* XCRemoteSwiftPackageReference "microsoft-authentication-library-for-objc" */,
				28E7C3202895E23B002C186A /* XCRemoteSwiftPackageReference "GoogleSignIn-iOS" */,
				28E7C3282895E302002C186A /* XCRemoteSwiftPackageReference "Alamofire" */,
				289CC86428999135009C1DCE /* XCRemoteSwiftPackageReference "firebase-ios-sdk" */,
				287727E928A38E5F00BC60D1 /* XCRemoteSwiftPackageReference "SwiftUI-Introspect" */,
			);
			productRefGroup = 6A5DF0E42851321000F28A06 /* Products */;
			projectDirPath = "";
			projectRoot = "";
			targets = (
				6A5DF0E22851321000F28A06 /* Pong */,
			);
		};
/* End PBXProject section */

/* Begin PBXResourcesBuildPhase section */
		6A5DF0E12851321000F28A06 /* Resources */ = {
			isa = PBXResourcesBuildPhase;
			buildActionMask = 2147483647;
			files = (
				6A449CAD2896F4330015826A /* Preview Assets.xcassets in Resources */,
				6A449C952896F4330015826A /* Assets.xcassets in Resources */,
				28BB3C7328A217F00038AB4F /* GoogleService-Info.plist in Resources */,
			);
			runOnlyForDeploymentPostprocessing = 0;
		};
/* End PBXResourcesBuildPhase section */

/* Begin PBXSourcesBuildPhase section */
		6A5DF0DF2851321000F28A06 /* Sources */ = {
			isa = PBXSourcesBuildPhase;
			buildActionMask = 2147483647;
			files = (
				6A449C8A2896F4320015826A /* LeaderboardView.swift in Sources */,
				289CC874289C695F009C1DCE /* Colors.swift in Sources */,
				6A78FA5928A1A65E00B75CC6 /* PostVoteModel.swift in Sources */,
				6A449C812896F4320015826A /* EmailVerificationView.swift in Sources */,
				82CCCBB928B0F99E00085E2D /* AdminPostBubbleViewModel.swift in Sources */,
				6A449C652896F4320015826A /* NetworkManager.swift in Sources */,
				6A449C9C2896F4330015826A /* DeleteCommentRequestBody.swift in Sources */,
				6A449CAF2896F4330015826A /* TextArea.swift in Sources */,
				6A449CC32896F4330015826A /* CommentBubble.swift in Sources */,
				6A449CC82896F4330015826A /* DefaultModels.swift in Sources */,
				6A449C8C2896F4320015826A /* ProfileViewModel.swift in Sources */,
				6A449C802896F4320015826A /* PhoneLoginView.swift in Sources */,
				6A78FA5E28A1F44F00B75CC6 /* CommentVoteModel.swift in Sources */,
				6A449C932896F4330015826A /* NewPostView.swift in Sources */,
				6A449CAC2896F4330015826A /* OTPStartRequestBody.swift in Sources */,
				6A449C902896F4320015826A /* FeedView.swift in Sources */,
				6A449C662896F4320015826A /* AuthManager.swift in Sources */,
				6A449C912896F4320015826A /* MainTabView.swift in Sources */,
				6A09D64728A59E9A005E5C23 /* ImagePicker.swift in Sources */,
				6A449C982896F4330015826A /* TotalScore.swift in Sources */,
				6A449CA52896F4330015826A /* CreatePostReportRequestBody.swift in Sources */,
				6A449CC12896F4330015826A /* ReportViewModel.swift in Sources */,
				6A449C8D2896F4320015826A /* ProfileView.swift in Sources */,
				6AEE15D428AC4AC600EEF1E6 /* Poll.swift in Sources */,
				6A449C9A2896F4330015826A /* Comment.swift in Sources */,
				6A78FA6028A214FF00B75CC6 /* CommentReplyModel.swift in Sources */,
				6A449C882896F4320015826A /* ChooseLocationView.swift in Sources */,
				6A449C7D2896F4320015826A /* OnboardView.swift in Sources */,
				6A78FA5728A19A0D00B75CC6 /* VerifyEmailModel.swift in Sources */,
				6A449C7A2896F4320015826A /* PostView.swift in Sources */,
				82CCCBB228B0F95600085E2D /* AdminFeedViewModel.swift in Sources */,
				6A449C862896F4320015826A /* ChooseLocationFilterViewModel.swift in Sources */,
				289CC872289C68D8009C1DCE /* LoadingView.swift in Sources */,
				6A449C7C2896F4320015826A /* PhoneLoginViewModel.swift in Sources */,
				6A78FA5C28A1A82C00B75CC6 /* DAKeychain.swift in Sources */,
				6A449CBF2896F4330015826A /* PostBubble.swift in Sources */,
				6A449CBC2896F4330015826A /* ProfileCommentBubble.swift in Sources */,
				6A449CA32896F4330015826A /* CommentVoteRequestBody.swift in Sources */,
				6A449CC72896F4330015826A /* ShareSheet.swift in Sources */,
				82AEE06B28AEE03400738EB5 /* LeaderboardTopThree.swift in Sources */,
				6A449CBE2896F4330015826A /* PostBubbleViewModel.swift in Sources */,
				82CCCBB328B0F95600085E2D /* AdminFeedView.swift in Sources */,
				6A449C7F2896F4320015826A /* WelcomeView.swift in Sources */,
				82CCCBBA28B0F99E00085E2D /* AdminPostBubble.swift in Sources */,
				6A449C9F2896F4330015826A /* OTPStartResponseBody.swift in Sources */,
				82CCCBBC28B0F9C700085E2D /* TimeoutModel.swift in Sources */,
				6A449CAB2896F4330015826A /* OTPVerifyResponseBody.swift in Sources */,
				6A449CB02896F4330015826A /* NewPollViewModel.swift in Sources */,
				289CC86A289993C9009C1DCE /* AppDelegate.swift in Sources */,
				6A78FA4F289CD31A00B75CC6 /* NotificationsView.swift in Sources */,
				6A449CC22896F4330015826A /* ReportView.swift in Sources */,
				6A449C7B2896F4320015826A /* VerificationViewModel.swift in Sources */,
				6A449CC62896F4330015826A /* PollView.swift in Sources */,
				6A449CAA2896F4330015826A /* LoggedInInfoResponseBody.swift in Sources */,
				6A449CC02896F4330015826A /* ActionSheets.swift in Sources */,
				6A832ED628A6C29300F4EBEF /* CommentCreateModel.swift in Sources */,
				6A449CA62896F4330015826A /* OTPVerifyRequestBody.swift in Sources */,
				6A449CC52896F4330015826A /* PollViewModel.swift in Sources */,
				6A449C962896F4330015826A /* PongApp.swift in Sources */,
				6A449CB12896F4330015826A /* NewPoll.swift in Sources */,
				6A7E109928AED83500CE3CFD /* PollVoteModel.swift in Sources */,
				6A449C922896F4320015826A /* NewPostViewModel.swift in Sources */,
				6A449CC42896F4330015826A /* CustomInputField.swift in Sources */,
				6A449C9E2896F4330015826A /* Message.swift in Sources */,
				6A449CAE2896F4330015826A /* Extensions.swift in Sources */,
				6A449C782896F4320015826A /* MessagesView.swift in Sources */,
				6A449C792896F4320015826A /* PostViewModel.swift in Sources */,
				6A449CBB2896F4330015826A /* ProfileCommentBubbleViewModel.swift in Sources */,
				6A78FA55289CE38200B75CC6 /* NotificationsViewModel.swift in Sources */,
				6A449CA02896F4330015826A /* User.swift in Sources */,
				289CC86E289C6826009C1DCE /* SettingsView.swift in Sources */,
				6A449CA42896F4330015826A /* ReadPostRequestBody.swift in Sources */,
				6A449CA72896F4330015826A /* Post.swift in Sources */,
				82AEE06828AEDF2A00738EB5 /* LeaderboardAwardCoin.swift in Sources */,
				6A449C8F2896F4320015826A /* FeedViewModel.swift in Sources */,
				6A449C872896F4320015826A /* ChooseLocationViewModel.swift in Sources */,
				6A449C992896F4330015826A /* Votes.swift in Sources */,
				6A449CD62898E3BC0015826A /* FloatWarning.swift in Sources */,
				6A449C9D2896F4330015826A /* PostReport.swift in Sources */,
				6A78FA53289CDACF00B75CC6 /* MainTabViewModel.swift in Sources */,
				6A449CCA2896F4330015826A /* ContentView.swift in Sources */,
				6A449C892896F4320015826A /* LeaderboardViewModel.swift in Sources */,
				6A449C8B2896F4320015826A /* ProfileFilterViewModel.swift in Sources */,
				289CC876289C69D9009C1DCE /* ProminentHeaderModifier.swift in Sources */,
				6A449CCF2897A5BD0015826A /* CommentBubbleViewModel.swift in Sources */,
				6A449CD42898B1D00015826A /* ErrorResponseBody.swift in Sources */,
				6A449C7E2896F4320015826A /* VerificationView.swift in Sources */,
				6A449CB72896F4330015826A /* MessageField.swift in Sources */,
				289CC870289C6846009C1DCE /* SettingsViewModel.swift in Sources */,
			);
			runOnlyForDeploymentPostprocessing = 0;
		};
/* End PBXSourcesBuildPhase section */

/* Begin XCBuildConfiguration section */
		6A5DF0EF2851321100F28A06 /* Debug */ = {
			isa = XCBuildConfiguration;
			buildSettings = {
				ALWAYS_SEARCH_USER_PATHS = NO;
				CLANG_ANALYZER_NONNULL = YES;
				CLANG_ANALYZER_NUMBER_OBJECT_CONVERSION = YES_AGGRESSIVE;
				CLANG_CXX_LANGUAGE_STANDARD = "gnu++17";
				CLANG_ENABLE_MODULES = YES;
				CLANG_ENABLE_OBJC_ARC = YES;
				CLANG_ENABLE_OBJC_WEAK = YES;
				CLANG_WARN_BLOCK_CAPTURE_AUTORELEASING = YES;
				CLANG_WARN_BOOL_CONVERSION = YES;
				CLANG_WARN_COMMA = YES;
				CLANG_WARN_CONSTANT_CONVERSION = YES;
				CLANG_WARN_DEPRECATED_OBJC_IMPLEMENTATIONS = YES;
				CLANG_WARN_DIRECT_OBJC_ISA_USAGE = YES_ERROR;
				CLANG_WARN_DOCUMENTATION_COMMENTS = YES;
				CLANG_WARN_EMPTY_BODY = YES;
				CLANG_WARN_ENUM_CONVERSION = YES;
				CLANG_WARN_INFINITE_RECURSION = YES;
				CLANG_WARN_INT_CONVERSION = YES;
				CLANG_WARN_NON_LITERAL_NULL_CONVERSION = YES;
				CLANG_WARN_OBJC_IMPLICIT_RETAIN_SELF = YES;
				CLANG_WARN_OBJC_LITERAL_CONVERSION = YES;
				CLANG_WARN_OBJC_ROOT_CLASS = YES_ERROR;
				CLANG_WARN_QUOTED_INCLUDE_IN_FRAMEWORK_HEADER = YES;
				CLANG_WARN_RANGE_LOOP_ANALYSIS = YES;
				CLANG_WARN_STRICT_PROTOTYPES = YES;
				CLANG_WARN_SUSPICIOUS_MOVE = YES;
				CLANG_WARN_UNGUARDED_AVAILABILITY = YES_AGGRESSIVE;
				CLANG_WARN_UNREACHABLE_CODE = YES;
				CLANG_WARN__DUPLICATE_METHOD_MATCH = YES;
				COPY_PHASE_STRIP = NO;
				DEBUG_INFORMATION_FORMAT = dwarf;
				ENABLE_STRICT_OBJC_MSGSEND = YES;
				ENABLE_TESTABILITY = YES;
				GCC_C_LANGUAGE_STANDARD = gnu11;
				GCC_DYNAMIC_NO_PIC = NO;
				GCC_NO_COMMON_BLOCKS = YES;
				GCC_OPTIMIZATION_LEVEL = 0;
				GCC_PREPROCESSOR_DEFINITIONS = (
					"DEBUG=1",
					"$(inherited)",
				);
				GCC_WARN_64_TO_32_BIT_CONVERSION = YES;
				GCC_WARN_ABOUT_RETURN_TYPE = YES_ERROR;
				GCC_WARN_UNDECLARED_SELECTOR = YES;
				GCC_WARN_UNINITIALIZED_AUTOS = YES_AGGRESSIVE;
				GCC_WARN_UNUSED_FUNCTION = YES;
				GCC_WARN_UNUSED_VARIABLE = YES;
				IPHONEOS_DEPLOYMENT_TARGET = 15.5;
				MTL_ENABLE_DEBUG_INFO = INCLUDE_SOURCE;
				MTL_FAST_MATH = YES;
				ONLY_ACTIVE_ARCH = YES;
				PRODUCT_NAME = "$(TARGET_NAME)";
				SDKROOT = iphoneos;
				SWIFT_ACTIVE_COMPILATION_CONDITIONS = DEBUG;
				SWIFT_OPTIMIZATION_LEVEL = "-Onone";
			};
			name = Debug;
		};
		6A5DF0F02851321100F28A06 /* Release */ = {
			isa = XCBuildConfiguration;
			buildSettings = {
				ALWAYS_SEARCH_USER_PATHS = NO;
				CLANG_ANALYZER_NONNULL = YES;
				CLANG_ANALYZER_NUMBER_OBJECT_CONVERSION = YES_AGGRESSIVE;
				CLANG_CXX_LANGUAGE_STANDARD = "gnu++17";
				CLANG_ENABLE_MODULES = YES;
				CLANG_ENABLE_OBJC_ARC = YES;
				CLANG_ENABLE_OBJC_WEAK = YES;
				CLANG_WARN_BLOCK_CAPTURE_AUTORELEASING = YES;
				CLANG_WARN_BOOL_CONVERSION = YES;
				CLANG_WARN_COMMA = YES;
				CLANG_WARN_CONSTANT_CONVERSION = YES;
				CLANG_WARN_DEPRECATED_OBJC_IMPLEMENTATIONS = YES;
				CLANG_WARN_DIRECT_OBJC_ISA_USAGE = YES_ERROR;
				CLANG_WARN_DOCUMENTATION_COMMENTS = YES;
				CLANG_WARN_EMPTY_BODY = YES;
				CLANG_WARN_ENUM_CONVERSION = YES;
				CLANG_WARN_INFINITE_RECURSION = YES;
				CLANG_WARN_INT_CONVERSION = YES;
				CLANG_WARN_NON_LITERAL_NULL_CONVERSION = YES;
				CLANG_WARN_OBJC_IMPLICIT_RETAIN_SELF = YES;
				CLANG_WARN_OBJC_LITERAL_CONVERSION = YES;
				CLANG_WARN_OBJC_ROOT_CLASS = YES_ERROR;
				CLANG_WARN_QUOTED_INCLUDE_IN_FRAMEWORK_HEADER = YES;
				CLANG_WARN_RANGE_LOOP_ANALYSIS = YES;
				CLANG_WARN_STRICT_PROTOTYPES = YES;
				CLANG_WARN_SUSPICIOUS_MOVE = YES;
				CLANG_WARN_UNGUARDED_AVAILABILITY = YES_AGGRESSIVE;
				CLANG_WARN_UNREACHABLE_CODE = YES;
				CLANG_WARN__DUPLICATE_METHOD_MATCH = YES;
				COPY_PHASE_STRIP = NO;
				DEBUG_INFORMATION_FORMAT = "dwarf-with-dsym";
				ENABLE_NS_ASSERTIONS = NO;
				ENABLE_STRICT_OBJC_MSGSEND = YES;
				GCC_C_LANGUAGE_STANDARD = gnu11;
				GCC_NO_COMMON_BLOCKS = YES;
				GCC_WARN_64_TO_32_BIT_CONVERSION = YES;
				GCC_WARN_ABOUT_RETURN_TYPE = YES_ERROR;
				GCC_WARN_UNDECLARED_SELECTOR = YES;
				GCC_WARN_UNINITIALIZED_AUTOS = YES_AGGRESSIVE;
				GCC_WARN_UNUSED_FUNCTION = YES;
				GCC_WARN_UNUSED_VARIABLE = YES;
				IPHONEOS_DEPLOYMENT_TARGET = 15.5;
				MTL_ENABLE_DEBUG_INFO = NO;
				MTL_FAST_MATH = YES;
				PRODUCT_NAME = "$(TARGET_NAME)";
				SDKROOT = iphoneos;
				SWIFT_COMPILATION_MODE = wholemodule;
				SWIFT_OPTIMIZATION_LEVEL = "-O";
				VALIDATE_PRODUCT = YES;
			};
			name = Release;
		};
		6A5DF0F22851321100F28A06 /* Debug */ = {
			isa = XCBuildConfiguration;
			buildSettings = {
				ASSETCATALOG_COMPILER_APPICON_NAME = AppIcon;
				ASSETCATALOG_COMPILER_GLOBAL_ACCENT_COLOR_NAME = AccentColor;
				CLANG_ENABLE_MODULES = YES;
				CODE_SIGN_ENTITLEMENTS = Pong.entitlements;
				CODE_SIGN_STYLE = Automatic;
				CURRENT_PROJECT_VERSION = 3;
				DEVELOPMENT_ASSET_PATHS = "\"Pong/Preview Content\"";
				DEVELOPMENT_TEAM = 89KY4Q7K5P;
				ENABLE_PREVIEWS = YES;
				GENERATE_INFOPLIST_FILE = YES;
				INFOPLIST_FILE = Info.plist;
				INFOPLIST_KEY_LSApplicationCategoryType = "";
				INFOPLIST_KEY_NSPhotoLibraryAddUsageDescription = YES;
				INFOPLIST_KEY_UIApplicationSceneManifest_Generation = YES;
				INFOPLIST_KEY_UIApplicationSupportsIndirectInputEvents = YES;
				INFOPLIST_KEY_UILaunchScreen_Generation = YES;
				INFOPLIST_KEY_UISupportedInterfaceOrientations = UIInterfaceOrientationPortrait;
				INFOPLIST_KEY_UISupportedInterfaceOrientations_iPad = UIInterfaceOrientationPortrait;
				INFOPLIST_KEY_UISupportedInterfaceOrientations_iPhone = "UIInterfaceOrientationPortrait UIInterfaceOrientationLandscapeLeft UIInterfaceOrientationLandscapeRight";
				LD_RUNPATH_SEARCH_PATHS = (
					"$(inherited)",
					"@executable_path/Frameworks",
				);
				MARKETING_VERSION = 1.0;
				PRODUCT_BUNDLE_IDENTIFIER = com.krv.pong;
				PRODUCT_NAME = Pong;
				SWIFT_EMIT_LOC_STRINGS = YES;
				SWIFT_OPTIMIZATION_LEVEL = "-Onone";
				SWIFT_VERSION = 5.0;
				TARGETED_DEVICE_FAMILY = "1,2";
			};
			name = Debug;
		};
		6A5DF0F32851321100F28A06 /* Release */ = {
			isa = XCBuildConfiguration;
			buildSettings = {
				ASSETCATALOG_COMPILER_APPICON_NAME = AppIcon;
				ASSETCATALOG_COMPILER_GLOBAL_ACCENT_COLOR_NAME = AccentColor;
				CLANG_ENABLE_MODULES = YES;
				CODE_SIGN_ENTITLEMENTS = Pong.entitlements;
				CODE_SIGN_STYLE = Automatic;
				CURRENT_PROJECT_VERSION = 3;
				DEVELOPMENT_ASSET_PATHS = "\"Pong/Preview Content\"";
				DEVELOPMENT_TEAM = 89KY4Q7K5P;
				ENABLE_PREVIEWS = YES;
				GENERATE_INFOPLIST_FILE = YES;
				INFOPLIST_FILE = Info.plist;
				INFOPLIST_KEY_LSApplicationCategoryType = "";
				INFOPLIST_KEY_NSPhotoLibraryAddUsageDescription = YES;
				INFOPLIST_KEY_UIApplicationSceneManifest_Generation = YES;
				INFOPLIST_KEY_UIApplicationSupportsIndirectInputEvents = YES;
				INFOPLIST_KEY_UILaunchScreen_Generation = YES;
				INFOPLIST_KEY_UISupportedInterfaceOrientations = UIInterfaceOrientationPortrait;
				INFOPLIST_KEY_UISupportedInterfaceOrientations_iPad = UIInterfaceOrientationPortrait;
				INFOPLIST_KEY_UISupportedInterfaceOrientations_iPhone = "UIInterfaceOrientationPortrait UIInterfaceOrientationLandscapeLeft UIInterfaceOrientationLandscapeRight";
				LD_RUNPATH_SEARCH_PATHS = (
					"$(inherited)",
					"@executable_path/Frameworks",
				);
				MARKETING_VERSION = 1.0;
				PRODUCT_BUNDLE_IDENTIFIER = com.krv.pong;
				PRODUCT_NAME = Pong;
				SWIFT_EMIT_LOC_STRINGS = YES;
				SWIFT_VERSION = 5.0;
				TARGETED_DEVICE_FAMILY = "1,2";
			};
			name = Release;
		};
/* End XCBuildConfiguration section */

/* Begin XCConfigurationList section */
		6A5DF0DE2851321000F28A06 /* Build configuration list for PBXProject "Pong" */ = {
			isa = XCConfigurationList;
			buildConfigurations = (
				6A5DF0EF2851321100F28A06 /* Debug */,
				6A5DF0F02851321100F28A06 /* Release */,
			);
			defaultConfigurationIsVisible = 0;
			defaultConfigurationName = Release;
		};
		6A5DF0F12851321100F28A06 /* Build configuration list for PBXNativeTarget "Pong" */ = {
			isa = XCConfigurationList;
			buildConfigurations = (
				6A5DF0F22851321100F28A06 /* Debug */,
				6A5DF0F32851321100F28A06 /* Release */,
			);
			defaultConfigurationIsVisible = 0;
			defaultConfigurationName = Release;
		};
/* End XCConfigurationList section */

/* Begin XCRemoteSwiftPackageReference section */
		287727E928A38E5F00BC60D1 /* XCRemoteSwiftPackageReference "SwiftUI-Introspect" */ = {
			isa = XCRemoteSwiftPackageReference;
			repositoryURL = "https://github.com/siteline/SwiftUI-Introspect";
			requirement = {
				kind = upToNextMajorVersion;
				minimumVersion = 0.1.4;
			};
		};
		289CC86428999135009C1DCE /* XCRemoteSwiftPackageReference "firebase-ios-sdk" */ = {
			isa = XCRemoteSwiftPackageReference;
			repositoryURL = "https://github.com/firebase/firebase-ios-sdk";
			requirement = {
				branch = master;
				kind = branch;
			};
		};
		28E7C3202895E23B002C186A /* XCRemoteSwiftPackageReference "GoogleSignIn-iOS" */ = {
			isa = XCRemoteSwiftPackageReference;
			repositoryURL = "https://github.com/google/GoogleSignIn-iOS.git";
			requirement = {
				kind = upToNextMajorVersion;
				minimumVersion = 6.0.0;
			};
		};
		28E7C3282895E302002C186A /* XCRemoteSwiftPackageReference "Alamofire" */ = {
			isa = XCRemoteSwiftPackageReference;
			repositoryURL = "https://github.com/Alamofire/Alamofire";
			requirement = {
				kind = upToNextMajorVersion;
				minimumVersion = 5.6.1;
			};
		};
		6A218467287A0C8200681C86 /* XCRemoteSwiftPackageReference "iPhoneNumberField" */ = {
			isa = XCRemoteSwiftPackageReference;
			repositoryURL = "https://github.com/MojtabaHs/iPhoneNumberField.git";
			requirement = {
				branch = main;
				kind = branch;
			};
		};
		6A5479C52895BB9800BC18CD /* XCRemoteSwiftPackageReference "microsoft-authentication-library-for-objc" */ = {
			isa = XCRemoteSwiftPackageReference;
			repositoryURL = "https://github.com/AzureAD/microsoft-authentication-library-for-objc.git";
			requirement = {
				kind = upToNextMajorVersion;
				minimumVersion = 1.0.0;
			};
		};
		6A68DC30288A225700BF2775 /* XCRemoteSwiftPackageReference "PopupView" */ = {
			isa = XCRemoteSwiftPackageReference;
			repositoryURL = "https://github.com/exyte/PopupView.git";
			requirement = {
				kind = exactVersion;
				version = 1.1.5;
			};
		};
		6A68DC44288B7A3100BF2775 /* XCRemoteSwiftPackageReference "ScalingHeaderScrollView" */ = {
			isa = XCRemoteSwiftPackageReference;
			repositoryURL = "https://github.com/exyte/ScalingHeaderScrollView.git";
			requirement = {
				kind = upToNextMajorVersion;
				minimumVersion = 0.0.3;
			};
		};
/* End XCRemoteSwiftPackageReference section */

/* Begin XCSwiftPackageProductDependency section */
		287727EA28A38E5F00BC60D1 /* Introspect */ = {
			isa = XCSwiftPackageProductDependency;
			package = 287727E928A38E5F00BC60D1 /* XCRemoteSwiftPackageReference "SwiftUI-Introspect" */;
			productName = Introspect;
		};
		289CC86528999135009C1DCE /* FirebaseMessaging */ = {
			isa = XCSwiftPackageProductDependency;
			package = 289CC86428999135009C1DCE /* XCRemoteSwiftPackageReference "firebase-ios-sdk" */;
			productName = FirebaseMessaging;
		};
		28E7C3212895E23B002C186A /* GoogleSignIn */ = {
			isa = XCSwiftPackageProductDependency;
			package = 28E7C3202895E23B002C186A /* XCRemoteSwiftPackageReference "GoogleSignIn-iOS" */;
			productName = GoogleSignIn;
		};
		28E7C3232895E23B002C186A /* GoogleSignInSwift */ = {
			isa = XCSwiftPackageProductDependency;
			package = 28E7C3202895E23B002C186A /* XCRemoteSwiftPackageReference "GoogleSignIn-iOS" */;
			productName = GoogleSignInSwift;
		};
		28E7C3292895E302002C186A /* Alamofire */ = {
			isa = XCSwiftPackageProductDependency;
			package = 28E7C3282895E302002C186A /* XCRemoteSwiftPackageReference "Alamofire" */;
			productName = Alamofire;
		};
		6A218468287A0C8200681C86 /* iPhoneNumberField */ = {
			isa = XCSwiftPackageProductDependency;
			package = 6A218467287A0C8200681C86 /* XCRemoteSwiftPackageReference "iPhoneNumberField" */;
			productName = iPhoneNumberField;
		};
		6A5479C62895BB9800BC18CD /* MSAL */ = {
			isa = XCSwiftPackageProductDependency;
			package = 6A5479C52895BB9800BC18CD /* XCRemoteSwiftPackageReference "microsoft-authentication-library-for-objc" */;
			productName = MSAL;
		};
		6A68DC31288A225700BF2775 /* PopupView */ = {
			isa = XCSwiftPackageProductDependency;
			package = 6A68DC30288A225700BF2775 /* XCRemoteSwiftPackageReference "PopupView" */;
			productName = PopupView;
		};
/* End XCSwiftPackageProductDependency section */
	};
	rootObject = 6A5DF0DB2851321000F28A06 /* Project object */;
}
